
Microsoft Visual Studio Solution File, Format Version 12.00
# Visual Studio Version 16
VisualStudioVersion = 16.0.31005.135
MinimumVisualStudioVersion = 10.0.40219.1
Project("{FAE04EC0-301F-11D3-BF4B-00C04F79EFBC}") = "ReverseProxy.Store", "ReverseProxy.Store\ReverseProxy.Store.csproj", "{A123A8C3-9464-47E2-954F-47208F24907E}"
EndProject
Project("{FAE04EC0-301F-11D3-BF4B-00C04F79EFBC}") = "ReverseProxy.Store.EFCore", "ReverseProxy.Store.EFCore\ReverseProxy.Store.EFCore.csproj", "{BD81CF13-EE87-490C-A946-E8242CA165F3}"
EndProject
Project("{FAE04EC0-301F-11D3-BF4B-00C04F79EFBC}") = "EFCoreSample", "EFCoreSample\EFCoreSample.csproj", "{5717CBE3-B745-4F7B-A4B5-60266C368FC1}"
EndProject
Global
	GlobalSection(SolutionConfigurationPlatforms) = preSolution
		Debug|Any CPU = Debug|Any CPU
		Release|Any CPU = Release|Any CPU
	EndGlobalSection
	GlobalSection(ProjectConfigurationPlatforms) = postSolution
		{A123A8C3-9464-47E2-954F-47208F24907E}.Debug|Any CPU.ActiveCfg = Debug|Any CPU
		{A123A8C3-9464-47E2-954F-47208F24907E}.Debug|Any CPU.Build.0 = Debug|Any CPU
		{A123A8C3-9464-47E2-954F-47208F24907E}.Release|Any CPU.ActiveCfg = Release|Any CPU
		{A123A8C3-9464-47E2-954F-47208F24907E}.Release|Any CPU.Build.0 = Release|Any CPU
		{BD81CF13-EE87-490C-A946-E8242CA165F3}.Debug|Any CPU.ActiveCfg = Debug|Any CPU
		{BD81CF13-EE87-490C-A946-E8242CA165F3}.Debug|Any CPU.Build.0 = Debug|Any CPU
		{BD81CF13-EE87-490C-A946-E8242CA165F3}.Release|Any CPU.ActiveCfg = Release|Any CPU
		{BD81CF13-EE87-490C-A946-E8242CA165F3}.Release|Any CPU.Build.0 = Release|Any CPU
		{5717CBE3-B745-4F7B-A4B5-60266C368FC1}.Debug|Any CPU.ActiveCfg = Debug|Any CPU
		{5717CBE3-B745-4F7B-A4B5-60266C368FC1}.Debug|Any CPU.Build.0 = Debug|Any CPU
		{5717CBE3-B745-4F7B-A4B5-60266C368FC1}.Release|Any CPU.ActiveCfg = Release|Any CPU
		{5717CBE3-B745-4F7B-A4B5-60266C368FC1}.Release|Any CPU.Build.0 = Release|Any CPU
	EndGlobalSection
	GlobalSection(SolutionProperties) = preSolution
		HideSolutionNode = FALSE
	EndGlobalSection
	GlobalSection(ExtensibilityGlobals) = postSolution
		SolutionGuid = {CCEE997A-66FF-4389-BC3F-C76C197D9F03}
	EndGlobalSection
EndGlobal
